
Microsoft Visual Studio Solution File, Format Version 12.00
# Visual Studio 2015
Project("{FAE04EC0-301F-11D3-BF4B-00C04F79EFBC}") = "MaquinadeEstado_Doria", "MaquinadeEstado_Doria.csproj", "{F627CE34-C895-1F70-E7D5-2F6795139079}"
EndProject
Project("{FAE04EC0-301F-11D3-BF4B-00C04F79EFBC}") = "MaquinadeEstado_Doria.Editor", "MaquinadeEstado_Doria.Editor.csproj", "{C7150248-A538-02E6-6652-DA7D77A9FB61}"
EndProject
Global
	GlobalSection(SolutionConfigurationPlatforms) = preSolution
		Debug|Any CPU = Debug|Any CPU
		Release|Any CPU = Release|Any CPU
	EndGlobalSection
	GlobalSection(ProjectConfigurationPlatforms) = postSolution
		{F627CE34-C895-1F70-E7D5-2F6795139079}.Debug|Any CPU.ActiveCfg = Debug|Any CPU
		{F627CE34-C895-1F70-E7D5-2F6795139079}.Debug|Any CPU.Build.0 = Debug|Any CPU
		{F627CE34-C895-1F70-E7D5-2F6795139079}.Release|Any CPU.ActiveCfg = Release|Any CPU
		{F627CE34-C895-1F70-E7D5-2F6795139079}.Release|Any CPU.Build.0 = Release|Any CPU
		{C7150248-A538-02E6-6652-DA7D77A9FB61}.Debug|Any CPU.ActiveCfg = Debug|Any CPU
		{C7150248-A538-02E6-6652-DA7D77A9FB61}.Debug|Any CPU.Build.0 = Debug|Any CPU
		{C7150248-A538-02E6-6652-DA7D77A9FB61}.Release|Any CPU.ActiveCfg = Release|Any CPU
		{C7150248-A538-02E6-6652-DA7D77A9FB61}.Release|Any CPU.Build.0 = Release|Any CPU
	EndGlobalSection
	GlobalSection(SolutionProperties) = preSolution
		HideSolutionNode = FALSE
	EndGlobalSection
EndGlobal
